// !$*UTF8*$!
{
	archiveVersion = 1;
	classes = {
	};
	objectVersion = 55;
	objects = {

/* Begin PBXBuildFile section */
		1A11E864284FA7D500C136BA /* DealsModel.swift in Sources */ = {isa = PBXBuildFile; fileRef = 1A11E863284FA7D500C136BA /* DealsModel.swift */; };
		1A11E868284FC51800C136BA /* DealsDetailView.swift in Sources */ = {isa = PBXBuildFile; fileRef = 1A11E867284FC51800C136BA /* DealsDetailView.swift */; };
		1A16787A2868D123008ECFDB /* Colors.swift in Sources */ = {isa = PBXBuildFile; fileRef = 1A1678792868D123008ECFDB /* Colors.swift */; };
		1A40E8FD284EE17F002368DE /* WhatsTheBigDealApp.swift in Sources */ = {isa = PBXBuildFile; fileRef = 1A40E8FC284EE17F002368DE /* WhatsTheBigDealApp.swift */; };
		1A40E8FF284EE17F002368DE /* HomeView.swift in Sources */ = {isa = PBXBuildFile; fileRef = 1A40E8FE284EE17F002368DE /* HomeView.swift */; };
		1A40E901284EE180002368DE /* Assets.xcassets in Resources */ = {isa = PBXBuildFile; fileRef = 1A40E900284EE180002368DE /* Assets.xcassets */; };
		1A40E904284EE180002368DE /* Preview Assets.xcassets in Resources */ = {isa = PBXBuildFile; fileRef = 1A40E903284EE180002368DE /* Preview Assets.xcassets */; };
		1A41D98628510856004DEC3E /* DealsLoadingView.swift in Sources */ = {isa = PBXBuildFile; fileRef = 1A41D98528510856004DEC3E /* DealsLoadingView.swift */; };
		1A5158D3285F952700AA4430 /* Suggestions.rtf in Resources */ = {isa = PBXBuildFile; fileRef = 1A5158D2285F952700AA4430 /* Suggestions.rtf */; };
		1A874873285FC59300D8BD26 /* DealsViewModel.swift in Sources */ = {isa = PBXBuildFile; fileRef = 1A874872285FC59300D8BD26 /* DealsViewModel.swift */; };
		1A874875285FC5E400D8BD26 /* SearchBarView.swift in Sources */ = {isa = PBXBuildFile; fileRef = 1A874874285FC5E400D8BD26 /* SearchBarView.swift */; };
		1A874877285FC7C100D8BD26 /* SearchViewModel.swift in Sources */ = {isa = PBXBuildFile; fileRef = 1A874876285FC7C100D8BD26 /* SearchViewModel.swift */; };
		1AA9D4B5289612A200258621 /* GiftsView.swift in Sources */ = {isa = PBXBuildFile; fileRef = 1AA9D4B4289612A200258621 /* GiftsView.swift */; };
		1AA9D4B7289612F600258621 /* GiftsViewModel.swift in Sources */ = {isa = PBXBuildFile; fileRef = 1AA9D4B6289612F600258621 /* GiftsViewModel.swift */; };
		1AA9FD9D2856BD0B00213B7E /* SearchLoadingView.swift in Sources */ = {isa = PBXBuildFile; fileRef = 1AA9FD9C2856BD0B00213B7E /* SearchLoadingView.swift */; };
		1AAEE5D228556431001D4F95 /* SearchModel.swift in Sources */ = {isa = PBXBuildFile; fileRef = 1AAEE5D128556431001D4F95 /* SearchModel.swift */; };
		1AAEE5D428557745001D4F95 /* Credentials.swift in Sources */ = {isa = PBXBuildFile; fileRef = 1AAEE5D328557745001D4F95 /* Credentials.swift */; };
		1ADA0F4E285FBE7F00EF3DEF /* DealsListView.swift in Sources */ = {isa = PBXBuildFile; fileRef = 1ADA0F4D285FBE7F00EF3DEF /* DealsListView.swift */; };
		1AEDA0B928C04722000B33E0 /* LogoView.swift in Sources */ = {isa = PBXBuildFile; fileRef = 1AEDA0B828C04722000B33E0 /* LogoView.swift */; };
/* End PBXBuildFile section */

/* Begin PBXFileReference section */
		1A11E863284FA7D500C136BA /* DealsModel.swift */ = {isa = PBXFileReference; lastKnownFileType = sourcecode.swift; path = DealsModel.swift; sourceTree = "<group>"; };
		1A11E867284FC51800C136BA /* DealsDetailView.swift */ = {isa = PBXFileReference; lastKnownFileType = sourcecode.swift; path = DealsDetailView.swift; sourceTree = "<group>"; };
		1A1678792868D123008ECFDB /* Colors.swift */ = {isa = PBXFileReference; lastKnownFileType = sourcecode.swift; path = Colors.swift; sourceTree = "<group>"; };
		1A40E8F9284EE17F002368DE /* WhatsTheBigDeal.app */ = {isa = PBXFileReference; explicitFileType = wrapper.application; includeInIndex = 0; path = WhatsTheBigDeal.app; sourceTree = BUILT_PRODUCTS_DIR; };
		1A40E8FC284EE17F002368DE /* WhatsTheBigDealApp.swift */ = {isa = PBXFileReference; lastKnownFileType = sourcecode.swift; path = WhatsTheBigDealApp.swift; sourceTree = "<group>"; };
		1A40E8FE284EE17F002368DE /* HomeView.swift */ = {isa = PBXFileReference; lastKnownFileType = sourcecode.swift; path = HomeView.swift; sourceTree = "<group>"; };
		1A40E900284EE180002368DE /* Assets.xcassets */ = {isa = PBXFileReference; lastKnownFileType = folder.assetcatalog; path = Assets.xcassets; sourceTree = "<group>"; };
		1A40E903284EE180002368DE /* Preview Assets.xcassets */ = {isa = PBXFileReference; lastKnownFileType = folder.assetcatalog; path = "Preview Assets.xcassets"; sourceTree = "<group>"; };
		1A41D98528510856004DEC3E /* DealsLoadingView.swift */ = {isa = PBXFileReference; lastKnownFileType = sourcecode.swift; path = DealsLoadingView.swift; sourceTree = "<group>"; };
		1A5158D2285F952700AA4430 /* Suggestions.rtf */ = {isa = PBXFileReference; lastKnownFileType = text.rtf; path = Suggestions.rtf; sourceTree = "<group>"; };
		1A874872285FC59300D8BD26 /* DealsViewModel.swift */ = {isa = PBXFileReference; fileEncoding = 4; lastKnownFileType = sourcecode.swift; path = DealsViewModel.swift; sourceTree = "<group>"; };
		1A874874285FC5E400D8BD26 /* SearchBarView.swift */ = {isa = PBXFileReference; lastKnownFileType = sourcecode.swift; path = SearchBarView.swift; sourceTree = "<group>"; };
		1A874876285FC7C100D8BD26 /* SearchViewModel.swift */ = {isa = PBXFileReference; lastKnownFileType = sourcecode.swift; path = SearchViewModel.swift; sourceTree = "<group>"; };
		1AA9D4B4289612A200258621 /* GiftsView.swift */ = {isa = PBXFileReference; lastKnownFileType = sourcecode.swift; path = GiftsView.swift; sourceTree = "<group>"; };
		1AA9D4B6289612F600258621 /* GiftsViewModel.swift */ = {isa = PBXFileReference; lastKnownFileType = sourcecode.swift; path = GiftsViewModel.swift; sourceTree = "<group>"; };
		1AA9FD9C2856BD0B00213B7E /* SearchLoadingView.swift */ = {isa = PBXFileReference; lastKnownFileType = sourcecode.swift; path = SearchLoadingView.swift; sourceTree = "<group>"; };
		1AAEE5D128556431001D4F95 /* SearchModel.swift */ = {isa = PBXFileReference; lastKnownFileType = sourcecode.swift; path = SearchModel.swift; sourceTree = "<group>"; };
		1AAEE5D328557745001D4F95 /* Credentials.swift */ = {isa = PBXFileReference; lastKnownFileType = sourcecode.swift; path = Credentials.swift; sourceTree = "<group>"; };
		1ADA0F4D285FBE7F00EF3DEF /* DealsListView.swift */ = {isa = PBXFileReference; lastKnownFileType = sourcecode.swift; path = DealsListView.swift; sourceTree = "<group>"; };
		1AEDA0B828C04722000B33E0 /* LogoView.swift */ = {isa = PBXFileReference; lastKnownFileType = sourcecode.swift; path = LogoView.swift; sourceTree = "<group>"; };
/* End PBXFileReference section */

/* Begin PBXFrameworksBuildPhase section */
		1A40E8F6284EE17F002368DE /* Frameworks */ = {
			isa = PBXFrameworksBuildPhase;
			buildActionMask = 2147483647;
			files = (
			);
			runOnlyForDeploymentPostprocessing = 0;
		};
/* End PBXFrameworksBuildPhase section */

/* Begin PBXGroup section */
		1A40E8F0284EE17F002368DE = {
			isa = PBXGroup;
			children = (
				1A40E8FB284EE17F002368DE /* WhatsTheBigDeal */,
				1A40E8FA284EE17F002368DE /* Products */,
			);
			sourceTree = "<group>";
		};
		1A40E8FA284EE17F002368DE /* Products */ = {
			isa = PBXGroup;
			children = (
				1A40E8F9284EE17F002368DE /* WhatsTheBigDeal.app */,
			);
			name = Products;
			sourceTree = "<group>";
		};
		1A40E8FB284EE17F002368DE /* WhatsTheBigDeal */ = {
			isa = PBXGroup;
			children = (
				1AAEE5D628557800001D4F95 /* Screens */,
				1AAEE5D5285577D6001D4F95 /* Shared */,
				1A40E8FC284EE17F002368DE /* WhatsTheBigDealApp.swift */,
				1A40E900284EE180002368DE /* Assets.xcassets */,
				1A40E902284EE180002368DE /* Preview Content */,
			);
			path = WhatsTheBigDeal;
			sourceTree = "<group>";
		};
		1A40E902284EE180002368DE /* Preview Content */ = {
			isa = PBXGroup;
			children = (
				1A40E903284EE180002368DE /* Preview Assets.xcassets */,
			);
			path = "Preview Content";
			sourceTree = "<group>";
		};
		1AAEE5D5285577D6001D4F95 /* Shared */ = {
			isa = PBXGroup;
			children = (
				1AAEE5D328557745001D4F95 /* Credentials.swift */,
				1A1678792868D123008ECFDB /* Colors.swift */,
				1A5158D2285F952700AA4430 /* Suggestions.rtf */,
			);
			path = Shared;
			sourceTree = "<group>";
		};
		1AAEE5D628557800001D4F95 /* Screens */ = {
			isa = PBXGroup;
			children = (
				1AEDA0B428C0249D000B33E0 /* Home */,
				1AEDA0B528C024A8000B33E0 /* Deals */,
				1AEDA0B628C024BC000B33E0 /* Gifts */,
				1AEDA0B728C024EA000B33E0 /* Search */,
			);
			path = Screens;
			sourceTree = "<group>";
		};
		1AEDA0B428C0249D000B33E0 /* Home */ = {
			isa = PBXGroup;
			children = (
				1A40E8FE284EE17F002368DE /* HomeView.swift */,
				1AEDA0B828C04722000B33E0 /* LogoView.swift */,
			);
			path = Home;
			sourceTree = "<group>";
		};
		1AEDA0B528C024A8000B33E0 /* Deals */ = {
			isa = PBXGroup;
			children = (
				1ADA0F4D285FBE7F00EF3DEF /* DealsListView.swift */,
				1A11E867284FC51800C136BA /* DealsDetailView.swift */,
				1A41D98528510856004DEC3E /* DealsLoadingView.swift */,
				1A874872285FC59300D8BD26 /* DealsViewModel.swift */,
				1A11E863284FA7D500C136BA /* DealsModel.swift */,
			);
			path = Deals;
			sourceTree = "<group>";
		};
		1AEDA0B628C024BC000B33E0 /* Gifts */ = {
			isa = PBXGroup;
			children = (
				1AA9D4B4289612A200258621 /* GiftsView.swift */,
				1AA9D4B6289612F600258621 /* GiftsViewModel.swift */,
			);
			path = Gifts;
			sourceTree = "<group>";
		};
		1AEDA0B728C024EA000B33E0 /* Search */ = {
			isa = PBXGroup;
			children = (
				1A874874285FC5E400D8BD26 /* SearchBarView.swift */,
				1AA9FD9C2856BD0B00213B7E /* SearchLoadingView.swift */,
				1A874876285FC7C100D8BD26 /* SearchViewModel.swift */,
				1AAEE5D128556431001D4F95 /* SearchModel.swift */,
			);
			path = Search;
			sourceTree = "<group>";
		};
/* End PBXGroup section */

/* Begin PBXNativeTarget section */
		1A40E8F8284EE17F002368DE /* WhatsTheBigDeal */ = {
			isa = PBXNativeTarget;
			buildConfigurationList = 1A40E907284EE180002368DE /* Build configuration list for PBXNativeTarget "WhatsTheBigDeal" */;
			buildPhases = (
				1A40E8F5284EE17F002368DE /* Sources */,
				1A40E8F6284EE17F002368DE /* Frameworks */,
				1A40E8F7284EE17F002368DE /* Resources */,
			);
			buildRules = (
			);
			dependencies = (
			);
			name = WhatsTheBigDeal;
			packageProductDependencies = (
			);
			productName = WhatsTheBigDeal;
			productReference = 1A40E8F9284EE17F002368DE /* WhatsTheBigDeal.app */;
			productType = "com.apple.product-type.application";
		};
/* End PBXNativeTarget section */

/* Begin PBXProject section */
		1A40E8F1284EE17F002368DE /* Project object */ = {
			isa = PBXProject;
			attributes = {
				BuildIndependentTargetsInParallel = 1;
				LastSwiftUpdateCheck = 1320;
				LastUpgradeCheck = 1320;
				TargetAttributes = {
					1A40E8F8284EE17F002368DE = {
						CreatedOnToolsVersion = 13.2.1;
					};
				};
			};
			buildConfigurationList = 1A40E8F4284EE17F002368DE /* Build configuration list for PBXProject "WhatsTheBigDeal" */;
			compatibilityVersion = "Xcode 13.0";
			developmentRegion = en;
			hasScannedForEncodings = 0;
			knownRegions = (
				en,
				Base,
			);
			mainGroup = 1A40E8F0284EE17F002368DE;
			packageReferences = (
			);
			productRefGroup = 1A40E8FA284EE17F002368DE /* Products */;
			projectDirPath = "";
			projectRoot = "";
			targets = (
				1A40E8F8284EE17F002368DE /* WhatsTheBigDeal */,
			);
		};
/* End PBXProject section */

/* Begin PBXResourcesBuildPhase section */
		1A40E8F7284EE17F002368DE /* Resources */ = {
			isa = PBXResourcesBuildPhase;
			buildActionMask = 2147483647;
			files = (
				1A5158D3285F952700AA4430 /* Suggestions.rtf in Resources */,
				1A40E904284EE180002368DE /* Preview Assets.xcassets in Resources */,
				1A40E901284EE180002368DE /* Assets.xcassets in Resources */,
			);
			runOnlyForDeploymentPostprocessing = 0;
		};
/* End PBXResourcesBuildPhase section */

/* Begin PBXSourcesBuildPhase section */
		1A40E8F5284EE17F002368DE /* Sources */ = {
			isa = PBXSourcesBuildPhase;
			buildActionMask = 2147483647;
			files = (
				1A16787A2868D123008ECFDB /* Colors.swift in Sources */,
				1AA9D4B7289612F600258621 /* GiftsViewModel.swift in Sources */,
				1AA9D4B5289612A200258621 /* GiftsView.swift in Sources */,
				1A11E868284FC51800C136BA /* DealsDetailView.swift in Sources */,
				1AAEE5D428557745001D4F95 /* Credentials.swift in Sources */,
				1AEDA0B928C04722000B33E0 /* LogoView.swift in Sources */,
				1AAEE5D228556431001D4F95 /* SearchModel.swift in Sources */,
				1A11E864284FA7D500C136BA /* DealsModel.swift in Sources */,
				1A40E8FF284EE17F002368DE /* HomeView.swift in Sources */,
				1A874877285FC7C100D8BD26 /* SearchViewModel.swift in Sources */,
				1ADA0F4E285FBE7F00EF3DEF /* DealsListView.swift in Sources */,
				1A874873285FC59300D8BD26 /* DealsViewModel.swift in Sources */,
				1A874875285FC5E400D8BD26 /* SearchBarView.swift in Sources */,
				1A41D98628510856004DEC3E /* DealsLoadingView.swift in Sources */,
				1A40E8FD284EE17F002368DE /* WhatsTheBigDealApp.swift in Sources */,
				1AA9FD9D2856BD0B00213B7E /* SearchLoadingView.swift in Sources */,
			);
			runOnlyForDeploymentPostprocessing = 0;
		};
/* End PBXSourcesBuildPhase section */

/* Begin XCBuildConfiguration section */
		1A40E905284EE180002368DE /* Debug */ = {
			isa = XCBuildConfiguration;
			buildSettings = {
				ALWAYS_SEARCH_USER_PATHS = NO;
				CLANG_ANALYZER_NONNULL = YES;
				CLANG_ANALYZER_NUMBER_OBJECT_CONVERSION = YES_AGGRESSIVE;
				CLANG_CXX_LANGUAGE_STANDARD = "gnu++17";
				CLANG_CXX_LIBRARY = "libc++";
				CLANG_ENABLE_MODULES = YES;
				CLANG_ENABLE_OBJC_ARC = YES;
				CLANG_ENABLE_OBJC_WEAK = YES;
				CLANG_WARN_BLOCK_CAPTURE_AUTORELEASING = YES;
				CLANG_WARN_BOOL_CONVERSION = YES;
				CLANG_WARN_COMMA = YES;
				CLANG_WARN_CONSTANT_CONVERSION = YES;
				CLANG_WARN_DEPRECATED_OBJC_IMPLEMENTATIONS = YES;
				CLANG_WARN_DIRECT_OBJC_ISA_USAGE = YES_ERROR;
				CLANG_WARN_DOCUMENTATION_COMMENTS = YES;
				CLANG_WARN_EMPTY_BODY = YES;
				CLANG_WARN_ENUM_CONVERSION = YES;
				CLANG_WARN_INFINITE_RECURSION = YES;
				CLANG_WARN_INT_CONVERSION = YES;
				CLANG_WARN_NON_LITERAL_NULL_CONVERSION = YES;
				CLANG_WARN_OBJC_IMPLICIT_RETAIN_SELF = YES;
				CLANG_WARN_OBJC_LITERAL_CONVERSION = YES;
				CLANG_WARN_OBJC_ROOT_CLASS = YES_ERROR;
				CLANG_WARN_QUOTED_INCLUDE_IN_FRAMEWORK_HEADER = YES;
				CLANG_WARN_RANGE_LOOP_ANALYSIS = YES;
				CLANG_WARN_STRICT_PROTOTYPES = YES;
				CLANG_WARN_SUSPICIOUS_MOVE = YES;
				CLANG_WARN_UNGUARDED_AVAILABILITY = YES_AGGRESSIVE;
				CLANG_WARN_UNREACHABLE_CODE = YES;
				CLANG_WARN__DUPLICATE_METHOD_MATCH = YES;
				COPY_PHASE_STRIP = NO;
				DEBUG_INFORMATION_FORMAT = dwarf;
				ENABLE_STRICT_OBJC_MSGSEND = YES;
				ENABLE_TESTABILITY = YES;
				GCC_C_LANGUAGE_STANDARD = gnu11;
				GCC_DYNAMIC_NO_PIC = NO;
				GCC_NO_COMMON_BLOCKS = YES;
				GCC_OPTIMIZATION_LEVEL = 0;
				GCC_PREPROCESSOR_DEFINITIONS = (
					"DEBUG=1",
					"$(inherited)",
				);
				GCC_WARN_64_TO_32_BIT_CONVERSION = YES;
				GCC_WARN_ABOUT_RETURN_TYPE = YES_ERROR;
				GCC_WARN_UNDECLARED_SELECTOR = YES;
				GCC_WARN_UNINITIALIZED_AUTOS = YES_AGGRESSIVE;
				GCC_WARN_UNUSED_FUNCTION = YES;
				GCC_WARN_UNUSED_VARIABLE = YES;
				IPHONEOS_DEPLOYMENT_TARGET = 15.2;
				MTL_ENABLE_DEBUG_INFO = INCLUDE_SOURCE;
				MTL_FAST_MATH = YES;
				ONLY_ACTIVE_ARCH = YES;
				SDKROOT = iphoneos;
				SWIFT_ACTIVE_COMPILATION_CONDITIONS = DEBUG;
				SWIFT_OPTIMIZATION_LEVEL = "-Onone";
			};
			name = Debug;
		};
		1A40E906284EE180002368DE /* Release */ = {
			isa = XCBuildConfiguration;
			buildSettings = {
				ALWAYS_SEARCH_USER_PATHS = NO;
				CLANG_ANALYZER_NONNULL = YES;
				CLANG_ANALYZER_NUMBER_OBJECT_CONVERSION = YES_AGGRESSIVE;
				CLANG_CXX_LANGUAGE_STANDARD = "gnu++17";
				CLANG_CXX_LIBRARY = "libc++";
				CLANG_ENABLE_MODULES = YES;
				CLANG_ENABLE_OBJC_ARC = YES;
				CLANG_ENABLE_OBJC_WEAK = YES;
				CLANG_WARN_BLOCK_CAPTURE_AUTORELEASING = YES;
				CLANG_WARN_BOOL_CONVERSION = YES;
				CLANG_WARN_COMMA = YES;
				CLANG_WARN_CONSTANT_CONVERSION = YES;
				CLANG_WARN_DEPRECATED_OBJC_IMPLEMENTATIONS = YES;
				CLANG_WARN_DIRECT_OBJC_ISA_USAGE = YES_ERROR;
				CLANG_WARN_DOCUMENTATION_COMMENTS = YES;
				CLANG_WARN_EMPTY_BODY = YES;
				CLANG_WARN_ENUM_CONVERSION = YES;
				CLANG_WARN_INFINITE_RECURSION = YES;
				CLANG_WARN_INT_CONVERSION = YES;
				CLANG_WARN_NON_LITERAL_NULL_CONVERSION = YES;
				CLANG_WARN_OBJC_IMPLICIT_RETAIN_SELF = YES;
				CLANG_WARN_OBJC_LITERAL_CONVERSION = YES;
				CLANG_WARN_OBJC_ROOT_CLASS = YES_ERROR;
				CLANG_WARN_QUOTED_INCLUDE_IN_FRAMEWORK_HEADER = YES;
				CLANG_WARN_RANGE_LOOP_ANALYSIS = YES;
				CLANG_WARN_STRICT_PROTOTYPES = YES;
				CLANG_WARN_SUSPICIOUS_MOVE = YES;
				CLANG_WARN_UNGUARDED_AVAILABILITY = YES_AGGRESSIVE;
				CLANG_WARN_UNREACHABLE_CODE = YES;
				CLANG_WARN__DUPLICATE_METHOD_MATCH = YES;
				COPY_PHASE_STRIP = NO;
				DEBUG_INFORMATION_FORMAT = "dwarf-with-dsym";
				ENABLE_NS_ASSERTIONS = NO;
				ENABLE_STRICT_OBJC_MSGSEND = YES;
				GCC_C_LANGUAGE_STANDARD = gnu11;
				GCC_NO_COMMON_BLOCKS = YES;
				GCC_WARN_64_TO_32_BIT_CONVERSION = YES;
				GCC_WARN_ABOUT_RETURN_TYPE = YES_ERROR;
				GCC_WARN_UNDECLARED_SELECTOR = YES;
				GCC_WARN_UNINITIALIZED_AUTOS = YES_AGGRESSIVE;
				GCC_WARN_UNUSED_FUNCTION = YES;
				GCC_WARN_UNUSED_VARIABLE = YES;
				IPHONEOS_DEPLOYMENT_TARGET = 15.2;
				MTL_ENABLE_DEBUG_INFO = NO;
				MTL_FAST_MATH = YES;
				SDKROOT = iphoneos;
				SWIFT_COMPILATION_MODE = wholemodule;
				SWIFT_OPTIMIZATION_LEVEL = "-O";
				VALIDATE_PRODUCT = YES;
			};
			name = Release;
		};
		1A40E908284EE180002368DE /* Debug */ = {
			isa = XCBuildConfiguration;
			buildSettings = {
				ASSETCATALOG_COMPILER_APPICON_NAME = AppIcon;
				ASSETCATALOG_COMPILER_GLOBAL_ACCENT_COLOR_NAME = AccentColor;
				CODE_SIGN_STYLE = Automatic;
				CURRENT_PROJECT_VERSION = 1;
				DEVELOPMENT_ASSET_PATHS = "\"WhatsTheBigDeal/Preview Content\"";
				DEVELOPMENT_TEAM = T5XLB46SH6;
				ENABLE_PREVIEWS = YES;
				GENERATE_INFOPLIST_FILE = YES;
				INFOPLIST_KEY_UIApplicationSceneManifest_Generation = YES;
				INFOPLIST_KEY_UIApplicationSupportsIndirectInputEvents = YES;
				INFOPLIST_KEY_UILaunchScreen_Generation = YES;
				INFOPLIST_KEY_UISupportedInterfaceOrientations_iPad = "UIInterfaceOrientationPortrait UIInterfaceOrientationPortraitUpsideDown UIInterfaceOrientationLandscapeLeft UIInterfaceOrientationLandscapeRight";
				INFOPLIST_KEY_UISupportedInterfaceOrientations_iPhone = "UIInterfaceOrientationPortrait UIInterfaceOrientationLandscapeLeft UIInterfaceOrientationLandscapeRight";
				LD_RUNPATH_SEARCH_PATHS = (
					"$(inherited)",
					"@executable_path/Frameworks",
				);
				MARKETING_VERSION = 1.0;
				PRODUCT_BUNDLE_IDENTIFIER = com.mtsaccorsi.WhatsTheBigDeal;
				PRODUCT_NAME = "$(TARGET_NAME)";
				SWIFT_EMIT_LOC_STRINGS = YES;
				SWIFT_VERSION = 5.0;
				TARGETED_DEVICE_FAMILY = "1,2";
			};
			name = Debug;
		};
		1A40E909284EE180002368DE /* Release */ = {
			isa = XCBuildConfiguration;
			buildSettings = {
				ASSETCATALOG_COMPILER_APPICON_NAME = AppIcon;
				ASSETCATALOG_COMPILER_GLOBAL_ACCENT_COLOR_NAME = AccentColor;
				CODE_SIGN_STYLE = Automatic;
				CURRENT_PROJECT_VERSION = 1;
				DEVELOPMENT_ASSET_PATHS = "\"WhatsTheBigDeal/Preview Content\"";
				DEVELOPMENT_TEAM = T5XLB46SH6;
				ENABLE_PREVIEWS = YES;
				GENERATE_INFOPLIST_FILE = YES;
				INFOPLIST_KEY_UIApplicationSceneManifest_Generation = YES;
				INFOPLIST_KEY_UIApplicationSupportsIndirectInputEvents = YES;
				INFOPLIST_KEY_UILaunchScreen_Generation = YES;
				INFOPLIST_KEY_UISupportedInterfaceOrientations_iPad = "UIInterfaceOrientationPortrait UIInterfaceOrientationPortraitUpsideDown UIInterfaceOrientationLandscapeLeft UIInterfaceOrientationLandscapeRight";
				INFOPLIST_KEY_UISupportedInterfaceOrientations_iPhone = "UIInterfaceOrientationPortrait UIInterfaceOrientationLandscapeLeft UIInterfaceOrientationLandscapeRight";
				LD_RUNPATH_SEARCH_PATHS = (
					"$(inherited)",
					"@executable_path/Frameworks",
				);
				MARKETING_VERSION = 1.0;
				PRODUCT_BUNDLE_IDENTIFIER = com.mtsaccorsi.WhatsTheBigDeal;
				PRODUCT_NAME = "$(TARGET_NAME)";
				SWIFT_EMIT_LOC_STRINGS = YES;
				SWIFT_VERSION = 5.0;
				TARGETED_DEVICE_FAMILY = "1,2";
			};
			name = Release;
		};
/* End XCBuildConfiguration section */

/* Begin XCConfigurationList section */
		1A40E8F4284EE17F002368DE /* Build configuration list for PBXProject "WhatsTheBigDeal" */ = {
			isa = XCConfigurationList;
			buildConfigurations = (
				1A40E905284EE180002368DE /* Debug */,
				1A40E906284EE180002368DE /* Release */,
			);
			defaultConfigurationIsVisible = 0;
			defaultConfigurationName = Release;
		};
		1A40E907284EE180002368DE /* Build configuration list for PBXNativeTarget "WhatsTheBigDeal" */ = {
			isa = XCConfigurationList;
			buildConfigurations = (
				1A40E908284EE180002368DE /* Debug */,
				1A40E909284EE180002368DE /* Release */,
			);
			defaultConfigurationIsVisible = 0;
			defaultConfigurationName = Release;
		};
/* End XCConfigurationList section */
	};
	rootObject = 1A40E8F1284EE17F002368DE /* Project object */;
}
